
Microsoft Visual Studio Solution File, Format Version 12.00
# Visual Studio Version 17
VisualStudioVersion = 17.7.34031.279
MinimumVisualStudioVersion = 10.0.40219.1
Project("{2150E333-8FDC-42A3-9474-1A3956D46DE8}") = "Task0", "Task0", "{E9EC405B-D6D8-4CA0-B845-30C7CC1A815D}"
EndProject
Project("{FAE04EC0-301F-11D3-BF4B-00C04F79EFBC}") = "Tyuiu.ZairovAR.Sprint5.Task0.V27", "Tyuiu.ZairovAR.Sprint5.Task0.V27\Tyuiu.ZairovAR.Sprint5.Task0.V27.csproj", "{21539FD7-BDF4-49CA-BF0C-A6B56FE60518}"
EndProject
Project("{FAE04EC0-301F-11D3-BF4B-00C04F79EFBC}") = "Tyuiu.ZairovAR.Sprint5.Task0.V27.Lib", "Tyuiu.ZairovAR.Sprint5.Task0.V27.Lib\Tyuiu.ZairovAR.Sprint5.Task0.V27.Lib.csproj", "{1F922891-CBEC-43C2-842E-30BFC79C4F27}"
EndProject
Project("{FAE04EC0-301F-11D3-BF4B-00C04F79EFBC}") = "Tyuiu.ZairovAR.Sprint5.Task0.V27.Test", "Tyuiu.ZairovAR.Sprint5.Task0.V27.Test\Tyuiu.ZairovAR.Sprint5.Task0.V27.Test.csproj", "{6076F525-499A-4ACA-9A0B-44896449FD3B}"
EndProject
Project("{2150E333-8FDC-42A3-9474-1A3956D46DE8}") = "Task1", "Task1", "{3AC24B70-E4CF-475C-8518-19E321F3E3BE}"
EndProject
Project("{FAE04EC0-301F-11D3-BF4B-00C04F79EFBC}") = "Tyuiu.ZairovAR.Sprint5.Task1.V10", "Tyuiu.ZairovAR.Sprint5.Task1.V10\Tyuiu.ZairovAR.Sprint5.Task1.V10.csproj", "{F32DDC20-1351-48A8-8476-9A18EFB0378C}"
EndProject
Project("{FAE04EC0-301F-11D3-BF4B-00C04F79EFBC}") = "Tyuiu.ZairovAR.Sprint5.Task1.V10.Lib", "Tyuiu.ZairovAR.Sprint5.Task1.V10.Lib\Tyuiu.ZairovAR.Sprint5.Task1.V10.Lib.csproj", "{4B58EFB4-6DA7-4353-ABBD-E844E2655A7C}"
EndProject
Project("{FAE04EC0-301F-11D3-BF4B-00C04F79EFBC}") = "Tyuiu.ZairovAR.Sprint5.Task1.V10.Test", "Tyuiu.ZairovAR.Sprint5.Task1.V10.Test\Tyuiu.ZairovAR.Sprint5.Task1.V10.Test.csproj", "{07BD08FD-3CAE-4871-8DD6-AD0C27A87A40}"
EndProject
Project("{2150E333-8FDC-42A3-9474-1A3956D46DE8}") = "Task2", "Task2", "{9F1A68B1-E6CE-4EB7-B017-B50099D614F7}"
EndProject
Project("{FAE04EC0-301F-11D3-BF4B-00C04F79EFBC}") = "Tyuiu.ZairovAR.Sprint5.Task2.V19", "Tyuiu.ZairovAR.Sprint5.Task2.V19\Tyuiu.ZairovAR.Sprint5.Task2.V19.csproj", "{22CAA340-029A-4EBB-9DB6-9578421870B9}"
EndProject
Project("{FAE04EC0-301F-11D3-BF4B-00C04F79EFBC}") = "Tyuiu.ZairovAR.Sprint5.Task2.V19.Lib", "Tyuiu.ZairovAR.Sprint5.Task2.V19.Lib\Tyuiu.ZairovAR.Sprint5.Task2.V19.Lib.csproj", "{0ADDA6A7-1C85-43FF-AE16-7FAB65DAF315}"
EndProject
Project("{FAE04EC0-301F-11D3-BF4B-00C04F79EFBC}") = "Tyuiu.ZairovAR.Sprint5.Task2.V19.Test", "Tyuiu.ZairovAR.Sprint5.Task2.V19.Test\Tyuiu.ZairovAR.Sprint5.Task2.V19.Test.csproj", "{73FD310F-19CD-4AC0-8810-DEB1C26CE855}"
EndProject
Project("{2150E333-8FDC-42A3-9474-1A3956D46DE8}") = "Task3", "Task3", "{47C8A747-0C45-4777-A5EE-3CB1BEC7CFD3}"
EndProject
Project("{FAE04EC0-301F-11D3-BF4B-00C04F79EFBC}") = "Tyuiu.ZairovAR.Sprint5.Task3.V26", "Tyuiu.ZairovAR.Sprint5.Task3.V26\Tyuiu.ZairovAR.Sprint5.Task3.V26.csproj", "{44813AF8-5821-4C35-A50D-8D362AF88EA5}"
EndProject
Project("{FAE04EC0-301F-11D3-BF4B-00C04F79EFBC}") = "Tyuiu.ZairovAR.Sprint5.Task3.V26.Lib", "Tyuiu.ZairovAR.Sprint5.Task3.V26.Lib\Tyuiu.ZairovAR.Sprint5.Task3.V26.Lib.csproj", "{EB9A4FBA-13A3-495B-9625-4EBB2B51B1B1}"
EndProject
Project("{FAE04EC0-301F-11D3-BF4B-00C04F79EFBC}") = "Tyuiu.ZairovAR.Sprint5.Task3.V26.Test", "Tyuiu.ZairovAR.Sprint5.Task3.V26.Test\Tyuiu.ZairovAR.Sprint5.Task3.V26.Test.csproj", "{A051A5DA-C918-4DD4-8761-562ABCB7BB06}"
EndProject
Project("{2150E333-8FDC-42A3-9474-1A3956D46DE8}") = "Task4", "Task4", "{2677DBF3-4467-49B2-AB8E-52E10B2868FE}"
EndProject
Project("{FAE04EC0-301F-11D3-BF4B-00C04F79EFBC}") = "Tyuiu.ZairovAR.Sprint5.Task4.V30", "Tyuiu.ZairovAR.Sprint5.Task4.V30\Tyuiu.ZairovAR.Sprint5.Task4.V30.csproj", "{AFC57AAE-9C68-4FA2-8197-026F1A03949B}"
EndProject
Project("{FAE04EC0-301F-11D3-BF4B-00C04F79EFBC}") = "Tyuiu.ZairovAR.Sprint5.Task4.V30.Lib", "Tyuiu.ZairovAR.Sprint5.Task4.V30.Lib\Tyuiu.ZairovAR.Sprint5.Task4.V30.Lib.csproj", "{2F3A4F1B-8EC7-4C8A-BC07-8B44B1C7A0C9}"
EndProject
Project("{FAE04EC0-301F-11D3-BF4B-00C04F79EFBC}") = "Tyuiu.ZairovAR.Sprint5.Task4.V30.Test", "Tyuiu.ZairovAR.Sprint5.Task4.V30.Test\Tyuiu.ZairovAR.Sprint5.Task4.V30.Test.csproj", "{84EFB17C-27F9-4088-8D8D-ED6405DB39B1}"
EndProject
Project("{2150E333-8FDC-42A3-9474-1A3956D46DE8}") = "Task5", "Task5", "{BECF6A26-C69E-4610-B764-373BF5E6C91C}"
EndProject
Project("{FAE04EC0-301F-11D3-BF4B-00C04F79EFBC}") = "Tyuiu.ZairovAR.Sprint5.Task5.V13", "Tyuiu.ZairovAR.Sprint5.Task5.V13\Tyuiu.ZairovAR.Sprint5.Task5.V13.csproj", "{2482E75A-01C8-4BC3-896F-6B0320397F74}"
EndProject
Project("{FAE04EC0-301F-11D3-BF4B-00C04F79EFBC}") = "Tyuiu.ZairovAR.Sprint5.Task5.V13.Lib", "Tyuiu.ZairovAR.Sprint5.Task5.V13.Lib\Tyuiu.ZairovAR.Sprint5.Task5.V13.Lib.csproj", "{88C89081-AC06-4928-914F-790F4C911993}"
EndProject
Project("{FAE04EC0-301F-11D3-BF4B-00C04F79EFBC}") = "Tyuiu.ZairovAR.Sprint5.Task5.V13.Test", "Tyuiu.ZairovAR.Sprint5.Task5.V13.Test\Tyuiu.ZairovAR.Sprint5.Task5.V13.Test.csproj", "{0ABA143F-76BD-4D75-90DD-34BE324FFE5A}"
EndProject
Global
	GlobalSection(SolutionConfigurationPlatforms) = preSolution
		Debug|Any CPU = Debug|Any CPU
		Release|Any CPU = Release|Any CPU
	EndGlobalSection
	GlobalSection(ProjectConfigurationPlatforms) = postSolution
		{21539FD7-BDF4-49CA-BF0C-A6B56FE60518}.Debug|Any CPU.ActiveCfg = Debug|Any CPU
		{21539FD7-BDF4-49CA-BF0C-A6B56FE60518}.Debug|Any CPU.Build.0 = Debug|Any CPU
		{21539FD7-BDF4-49CA-BF0C-A6B56FE60518}.Release|Any CPU.ActiveCfg = Release|Any CPU
		{21539FD7-BDF4-49CA-BF0C-A6B56FE60518}.Release|Any CPU.Build.0 = Release|Any CPU
		{1F922891-CBEC-43C2-842E-30BFC79C4F27}.Debug|Any CPU.ActiveCfg = Debug|Any CPU
		{1F922891-CBEC-43C2-842E-30BFC79C4F27}.Debug|Any CPU.Build.0 = Debug|Any CPU
		{1F922891-CBEC-43C2-842E-30BFC79C4F27}.Release|Any CPU.ActiveCfg = Release|Any CPU
		{1F922891-CBEC-43C2-842E-30BFC79C4F27}.Release|Any CPU.Build.0 = Release|Any CPU
		{6076F525-499A-4ACA-9A0B-44896449FD3B}.Debug|Any CPU.ActiveCfg = Debug|Any CPU
		{6076F525-499A-4ACA-9A0B-44896449FD3B}.Debug|Any CPU.Build.0 = Debug|Any CPU
		{6076F525-499A-4ACA-9A0B-44896449FD3B}.Release|Any CPU.ActiveCfg = Release|Any CPU
		{6076F525-499A-4ACA-9A0B-44896449FD3B}.Release|Any CPU.Build.0 = Release|Any CPU
		{F32DDC20-1351-48A8-8476-9A18EFB0378C}.Debug|Any CPU.ActiveCfg = Debug|Any CPU
		{F32DDC20-1351-48A8-8476-9A18EFB0378C}.Debug|Any CPU.Build.0 = Debug|Any CPU
		{F32DDC20-1351-48A8-8476-9A18EFB0378C}.Release|Any CPU.ActiveCfg = Release|Any CPU
		{F32DDC20-1351-48A8-8476-9A18EFB0378C}.Release|Any CPU.Build.0 = Release|Any CPU
		{4B58EFB4-6DA7-4353-ABBD-E844E2655A7C}.Debug|Any CPU.ActiveCfg = Debug|Any CPU
		{4B58EFB4-6DA7-4353-ABBD-E844E2655A7C}.Debug|Any CPU.Build.0 = Debug|Any CPU
		{4B58EFB4-6DA7-4353-ABBD-E844E2655A7C}.Release|Any CPU.ActiveCfg = Release|Any CPU
		{4B58EFB4-6DA7-4353-ABBD-E844E2655A7C}.Release|Any CPU.Build.0 = Release|Any CPU
		{07BD08FD-3CAE-4871-8DD6-AD0C27A87A40}.Debug|Any CPU.ActiveCfg = Debug|Any CPU
		{07BD08FD-3CAE-4871-8DD6-AD0C27A87A40}.Debug|Any CPU.Build.0 = Debug|Any CPU
		{07BD08FD-3CAE-4871-8DD6-AD0C27A87A40}.Release|Any CPU.ActiveCfg = Release|Any CPU
		{07BD08FD-3CAE-4871-8DD6-AD0C27A87A40}.Release|Any CPU.Build.0 = Release|Any CPU
		{22CAA340-029A-4EBB-9DB6-9578421870B9}.Debug|Any CPU.ActiveCfg = Debug|Any CPU
		{22CAA340-029A-4EBB-9DB6-9578421870B9}.Debug|Any CPU.Build.0 = Debug|Any CPU
		{22CAA340-029A-4EBB-9DB6-9578421870B9}.Release|Any CPU.ActiveCfg = Release|Any CPU
		{22CAA340-029A-4EBB-9DB6-9578421870B9}.Release|Any CPU.Build.0 = Release|Any CPU
		{0ADDA6A7-1C85-43FF-AE16-7FAB65DAF315}.Debug|Any CPU.ActiveCfg = Debug|Any CPU
		{0ADDA6A7-1C85-43FF-AE16-7FAB65DAF315}.Debug|Any CPU.Build.0 = Debug|Any CPU
		{0ADDA6A7-1C85-43FF-AE16-7FAB65DAF315}.Release|Any CPU.ActiveCfg = Release|Any CPU
		{0ADDA6A7-1C85-43FF-AE16-7FAB65DAF315}.Release|Any CPU.Build.0 = Release|Any CPU
		{73FD310F-19CD-4AC0-8810-DEB1C26CE855}.Debug|Any CPU.ActiveCfg = Debug|Any CPU
		{73FD310F-19CD-4AC0-8810-DEB1C26CE855}.Debug|Any CPU.Build.0 = Debug|Any CPU
		{73FD310F-19CD-4AC0-8810-DEB1C26CE855}.Release|Any CPU.ActiveCfg = Release|Any CPU
		{73FD310F-19CD-4AC0-8810-DEB1C26CE855}.Release|Any CPU.Build.0 = Release|Any CPU
		{44813AF8-5821-4C35-A50D-8D362AF88EA5}.Debug|Any CPU.ActiveCfg = Debug|Any CPU
		{44813AF8-5821-4C35-A50D-8D362AF88EA5}.Debug|Any CPU.Build.0 = Debug|Any CPU
		{44813AF8-5821-4C35-A50D-8D362AF88EA5}.Release|Any CPU.ActiveCfg = Release|Any CPU
		{44813AF8-5821-4C35-A50D-8D362AF88EA5}.Release|Any CPU.Build.0 = Release|Any CPU
		{EB9A4FBA-13A3-495B-9625-4EBB2B51B1B1}.Debug|Any CPU.ActiveCfg = Debug|Any CPU
		{EB9A4FBA-13A3-495B-9625-4EBB2B51B1B1}.Debug|Any CPU.Build.0 = Debug|Any CPU
		{EB9A4FBA-13A3-495B-9625-4EBB2B51B1B1}.Release|Any CPU.ActiveCfg = Release|Any CPU
		{EB9A4FBA-13A3-495B-9625-4EBB2B51B1B1}.Release|Any CPU.Build.0 = Release|Any CPU
		{A051A5DA-C918-4DD4-8761-562ABCB7BB06}.Debug|Any CPU.ActiveCfg = Debug|Any CPU
		{A051A5DA-C918-4DD4-8761-562ABCB7BB06}.Debug|Any CPU.Build.0 = Debug|Any CPU
		{A051A5DA-C918-4DD4-8761-562ABCB7BB06}.Release|Any CPU.ActiveCfg = Release|Any CPU
		{A051A5DA-C918-4DD4-8761-562ABCB7BB06}.Release|Any CPU.Build.0 = Release|Any CPU
		{AFC57AAE-9C68-4FA2-8197-026F1A03949B}.Debug|Any CPU.ActiveCfg = Debug|Any CPU
		{AFC57AAE-9C68-4FA2-8197-026F1A03949B}.Debug|Any CPU.Build.0 = Debug|Any CPU
		{AFC57AAE-9C68-4FA2-8197-026F1A03949B}.Release|Any CPU.ActiveCfg = Release|Any CPU
		{AFC57AAE-9C68-4FA2-8197-026F1A03949B}.Release|Any CPU.Build.0 = Release|Any CPU
		{2F3A4F1B-8EC7-4C8A-BC07-8B44B1C7A0C9}.Debug|Any CPU.ActiveCfg = Debug|Any CPU
		{2F3A4F1B-8EC7-4C8A-BC07-8B44B1C7A0C9}.Debug|Any CPU.Build.0 = Debug|Any CPU
		{2F3A4F1B-8EC7-4C8A-BC07-8B44B1C7A0C9}.Release|Any CPU.ActiveCfg = Release|Any CPU
		{2F3A4F1B-8EC7-4C8A-BC07-8B44B1C7A0C9}.Release|Any CPU.Build.0 = Release|Any CPU
		{84EFB17C-27F9-4088-8D8D-ED6405DB39B1}.Debug|Any CPU.ActiveCfg = Debug|Any CPU
		{84EFB17C-27F9-4088-8D8D-ED6405DB39B1}.Debug|Any CPU.Build.0 = Debug|Any CPU
		{84EFB17C-27F9-4088-8D8D-ED6405DB39B1}.Release|Any CPU.ActiveCfg = Release|Any CPU
		{84EFB17C-27F9-4088-8D8D-ED6405DB39B1}.Release|Any CPU.Build.0 = Release|Any CPU
		{2482E75A-01C8-4BC3-896F-6B0320397F74}.Debug|Any CPU.ActiveCfg = Debug|Any CPU
		{2482E75A-01C8-4BC3-896F-6B0320397F74}.Debug|Any CPU.Build.0 = Debug|Any CPU
		{2482E75A-01C8-4BC3-896F-6B0320397F74}.Release|Any CPU.ActiveCfg = Release|Any CPU
		{2482E75A-01C8-4BC3-896F-6B0320397F74}.Release|Any CPU.Build.0 = Release|Any CPU
		{88C89081-AC06-4928-914F-790F4C911993}.Debug|Any CPU.ActiveCfg = Debug|Any CPU
		{88C89081-AC06-4928-914F-790F4C911993}.Debug|Any CPU.Build.0 = Debug|Any CPU
		{88C89081-AC06-4928-914F-790F4C911993}.Release|Any CPU.ActiveCfg = Release|Any CPU
		{88C89081-AC06-4928-914F-790F4C911993}.Release|Any CPU.Build.0 = Release|Any CPU
		{0ABA143F-76BD-4D75-90DD-34BE324FFE5A}.Debug|Any CPU.ActiveCfg = Debug|Any CPU
		{0ABA143F-76BD-4D75-90DD-34BE324FFE5A}.Debug|Any CPU.Build.0 = Debug|Any CPU
		{0ABA143F-76BD-4D75-90DD-34BE324FFE5A}.Release|Any CPU.ActiveCfg = Release|Any CPU
		{0ABA143F-76BD-4D75-90DD-34BE324FFE5A}.Release|Any CPU.Build.0 = Release|Any CPU
	EndGlobalSection
	GlobalSection(SolutionProperties) = preSolution
		HideSolutionNode = FALSE
	EndGlobalSection
	GlobalSection(NestedProjects) = preSolution
		{21539FD7-BDF4-49CA-BF0C-A6B56FE60518} = {E9EC405B-D6D8-4CA0-B845-30C7CC1A815D}
		{1F922891-CBEC-43C2-842E-30BFC79C4F27} = {E9EC405B-D6D8-4CA0-B845-30C7CC1A815D}
		{6076F525-499A-4ACA-9A0B-44896449FD3B} = {E9EC405B-D6D8-4CA0-B845-30C7CC1A815D}
		{F32DDC20-1351-48A8-8476-9A18EFB0378C} = {3AC24B70-E4CF-475C-8518-19E321F3E3BE}
		{4B58EFB4-6DA7-4353-ABBD-E844E2655A7C} = {3AC24B70-E4CF-475C-8518-19E321F3E3BE}
		{07BD08FD-3CAE-4871-8DD6-AD0C27A87A40} = {3AC24B70-E4CF-475C-8518-19E321F3E3BE}
		{22CAA340-029A-4EBB-9DB6-9578421870B9} = {9F1A68B1-E6CE-4EB7-B017-B50099D614F7}
		{0ADDA6A7-1C85-43FF-AE16-7FAB65DAF315} = {9F1A68B1-E6CE-4EB7-B017-B50099D614F7}
		{73FD310F-19CD-4AC0-8810-DEB1C26CE855} = {9F1A68B1-E6CE-4EB7-B017-B50099D614F7}
		{44813AF8-5821-4C35-A50D-8D362AF88EA5} = {47C8A747-0C45-4777-A5EE-3CB1BEC7CFD3}
		{EB9A4FBA-13A3-495B-9625-4EBB2B51B1B1} = {47C8A747-0C45-4777-A5EE-3CB1BEC7CFD3}
		{A051A5DA-C918-4DD4-8761-562ABCB7BB06} = {47C8A747-0C45-4777-A5EE-3CB1BEC7CFD3}
		{AFC57AAE-9C68-4FA2-8197-026F1A03949B} = {2677DBF3-4467-49B2-AB8E-52E10B2868FE}
		{2F3A4F1B-8EC7-4C8A-BC07-8B44B1C7A0C9} = {2677DBF3-4467-49B2-AB8E-52E10B2868FE}
		{84EFB17C-27F9-4088-8D8D-ED6405DB39B1} = {2677DBF3-4467-49B2-AB8E-52E10B2868FE}
		{2482E75A-01C8-4BC3-896F-6B0320397F74} = {BECF6A26-C69E-4610-B764-373BF5E6C91C}
		{88C89081-AC06-4928-914F-790F4C911993} = {BECF6A26-C69E-4610-B764-373BF5E6C91C}
		{0ABA143F-76BD-4D75-90DD-34BE324FFE5A} = {BECF6A26-C69E-4610-B764-373BF5E6C91C}
	EndGlobalSection
	GlobalSection(ExtensibilityGlobals) = postSolution
		SolutionGuid = {BF45DBD4-300A-4FCA-9C38-D2DF19D1DC4B}
	EndGlobalSection
EndGlobal
